{
  "requires": true,
  "lockfileVersion": 1,
  "dependencies": {
    "@angular/animations": {
      "version": "6.1.10",
      "resolved": "https://registry.npmjs.org/@angular/animations/-/animations-6.1.10.tgz",
      "integrity": "sha512-dd/lq7kw3uwfHPICan8psu2nthuUpp7PvMLuNIm0XxObZ4oNs0ls6uxKEDPnEkRKoGdiJpvmsyzZZN9ACMPEAA==",
      "requires": {
        "tslib": "^1.9.0"
      }
    },
    "@angular/cdk": {
      "version": "6.4.7",
      "resolved": "https://registry.npmjs.org/@angular/cdk/-/cdk-6.4.7.tgz",
      "integrity": "sha512-18x0U66fLD5kGQWZ9n3nb75xQouXlWs7kUDaTd8HTrHpT1s2QIAqlLd1KxfrYiVhsEC2jPQaoiae7VnBlcvkBg==",
      "requires": {
        "tslib": "^1.7.1"
      }
    },
    "@angular/common": {
      "version": "6.1.10",
      "resolved": "https://registry.npmjs.org/@angular/common/-/common-6.1.10.tgz",
      "integrity": "sha512-73xxTSYJNKfiJ7C1Ajg+sz5l8y+blb/vNgHYg7O3yem5zLBnfPpidJ1UGg4W4d2Y+jwUVJbZKh8SKJarqAJVUQ==",
      "requires": {
        "tslib": "^1.9.0"
      }
    },
    "@angular/compiler": {
      "version": "6.1.10",
      "resolved": "https://registry.npmjs.org/@angular/compiler/-/compiler-6.1.10.tgz",
      "integrity": "sha512-FPIb2j3zfoBwb6vo/u0gQeu70h8InGlSisBr3xMACs/35/pwB6kbQR+JQiUr0D7k6QApg7AuMkvq8aFNelg0aw==",
      "requires": {
        "tslib": "^1.9.0"
      }
    },
    "@angular/core": {
      "version": "6.1.10",
      "resolved": "https://registry.npmjs.org/@angular/core/-/core-6.1.10.tgz",
      "integrity": "sha512-61l3rIQTVdT45eOf6/fBJIeVmV10mcrxqS4N/1OWkuDT29YSJTZSxGcv8QjAyyutuhcqWWpO6gVRkN07rWmkPg==",
      "requires": {
        "tslib": "^1.9.0"
      }
    },
    "@angular/forms": {
      "version": "6.1.10",
      "resolved": "https://registry.npmjs.org/@angular/forms/-/forms-6.1.10.tgz",
      "integrity": "sha512-zAPx2kMV1/FbP5DrY472Sd/ze1m+GS6T5ullZCtP392r62p2RkwzDCXieR51YiRJjZj3M6c3AcRND7PWBdXT7A==",
      "requires": {
        "tslib": "^1.9.0"
      }
    },
    "@angular/http": {
      "version": "6.1.10",
      "resolved": "https://registry.npmjs.org/@angular/http/-/http-6.1.10.tgz",
      "integrity": "sha512-LDsSqyexh8fj23y+G2oSGLWSZVhbxBBo2ehYHnRgH/jlp0pmZVLRaGgUMNSCVtZc1rxLzpEjZjtw+P+qlutAtw==",
      "requires": {
        "tslib": "^1.9.0"
      }
    },
    "@angular/material": {
      "version": "6.4.7",
      "resolved": "https://registry.npmjs.org/@angular/material/-/material-6.4.7.tgz",
      "integrity": "sha512-SdNx7Xovi24Kw9eU6lkLhY/7f2M7L9F+/uh6XuPr4jbGgCUVVpeeVI5ztZhsZRbj1sN+/r1p5w8u62apWWl5Ww==",
      "requires": {
        "parse5": "^5.0.0",
        "tslib": "^1.7.1"
      }
    },
    "@angular/platform-browser": {
      "version": "6.1.10",
      "resolved": "https://registry.npmjs.org/@angular/platform-browser/-/platform-browser-6.1.10.tgz",
      "integrity": "sha512-CB7pqMwtgb7KjdHDAJlsXcs0rrU+2xQVaoOaqEfJtUrKhtGMLaZh8Qoic5l92SoGattkOw7SYarAOsWlAsVfvw==",
      "requires": {
        "tslib": "^1.9.0"
      }
    },
    "@angular/platform-browser-dynamic": {
      "version": "6.1.10",
      "resolved": "https://registry.npmjs.org/@angular/platform-browser-dynamic/-/platform-browser-dynamic-6.1.10.tgz",
      "integrity": "sha512-DmBSUyFPoyKqkmBXyJ2CrP1oXDioeoBlPA8lmWUDUv2yBuoHIzIkdY/OkTZbdyu/QYa1hK2Jl9OlfoeoenKddg==",
      "requires": {
        "tslib": "^1.9.0"
      }
    },
    "@angular/router": {
      "version": "6.1.10",
      "resolved": "https://registry.npmjs.org/@angular/router/-/router-6.1.10.tgz",
      "integrity": "sha512-tekI3dkdvd65oMoxjjgRA+16uDgPUBWHhYxids6pgO8vobZNtCo8VaVlcDyLUhdmtS5kONELx0iL5E2M0Y2Bag==",
      "requires": {
        "tslib": "^1.9.0"
      }
    },
    "angular-inline-editable-table": {
      "version": "2.0.0",
      "resolved": "https://registry.npmjs.org/angular-inline-editable-table/-/angular-inline-editable-table-2.0.0.tgz",
      "integrity": "sha512-cSzCNo3YFvrzDzP1PaldkOGz3prQSWHAfO/z9czgN3Jrm3lJvIRCSYX63QA0DjfcWlj8pWnsqTCF02mcVIjbEA==",
      "requires": {
        "@angular/animations": "^6.1.2",
        "@angular/cdk": "^6.4.5",
        "@angular/common": "^6.0.3",
        "@angular/compiler": "^6.0.3",
        "@angular/core": "^6.0.3",
        "@angular/forms": "^6.0.3",
        "@angular/http": "^6.0.3",
        "@angular/material": "^6.4.5",
        "@angular/platform-browser": "^6.0.3",
        "@angular/platform-browser-dynamic": "^6.0.3",
        "@angular/router": "^6.0.3",
        "angular-notifier": "^4.1.1",
        "core-js": "^2.5.4",
        "material-design-icons": "^3.0.1",
        "ngx-spinner": "^6.1.2",
        "rxjs": "^6.0.0",
        "tslib": "^1.9.0",
        "zone.js": "^0.8.26"
      }
    },
    "angular-notifier": {
      "version": "4.1.2",
      "resolved": "https://registry.npmjs.org/angular-notifier/-/angular-notifier-4.1.2.tgz",
      "integrity": "sha512-KgQWXxoiF71I+GHnf0G7GvoFSG7roxD9DTT4U2aQP2o+Ll4/WUtoBXGs2h8Pf590JUjbxjd1zhn12zR8XCiinA=="
    },
    "core-js": {
      "version": "2.6.11",
      "resolved": "https://registry.npmjs.org/core-js/-/core-js-2.6.11.tgz",
      "integrity": "sha512-5wjnpaT/3dV+XB4borEsnAYQchn00XSgTAWKDkEqv+K8KevjbzmofK6hfJ9TZIlpj2N0xQpazy7PiRQiWHqzWg=="
    },
    "material-design-icons": {
      "version": "3.0.1",
      "resolved": "https://registry.npmjs.org/material-design-icons/-/material-design-icons-3.0.1.tgz",
      "integrity": "sha1-mnHEh0chjrylHlGmbaaCA4zct78="
    },
    "ngx-spinner": {
      "version": "6.1.2",
      "resolved": "https://registry.npmjs.org/ngx-spinner/-/ngx-spinner-6.1.2.tgz",
      "integrity": "sha512-j/R8T5vKvsLLib1pTxKLYK3GYAFXw5VoUJmaTlcocO6Yi4qIypfhmw9PX9triy7hWVGPu6cUzVs7g9cEG9OYBA==",
      "requires": {
        "tslib": "^1.9.0"
      }
    },
    "parse5": {
      "version": "5.1.1",
      "resolved": "https://registry.npmjs.org/parse5/-/parse5-5.1.1.tgz",
      "integrity": "sha512-ugq4DFI0Ptb+WWjAdOK16+u/nHfiIrcE+sh8kZMaM0WllQKLI9rOUq6c2b7cwPkXdzfQESqvoqK6ug7U/Yyzug==",
      "optional": true
    },
    "rxjs": {
      "version": "6.6.0",
      "resolved": "https://registry.npmjs.org/rxjs/-/rxjs-6.6.0.tgz",
      "integrity": "sha512-3HMA8z/Oz61DUHe+SdOiQyzIf4tOx5oQHmMir7IZEu6TMqCLHT4LRcmNaUS0NwOz8VLvmmBduMsoaUvMaIiqzg==",
      "requires": {
        "tslib": "^1.9.0"
      }
    },
    "tslib": {
      "version": "1.13.0",
      "resolved": "https://registry.npmjs.org/tslib/-/tslib-1.13.0.tgz",
      "integrity": "sha512-i/6DQjL8Xf3be4K/E6Wgpekn5Qasl1usyw++dAA35Ue5orEn65VIxOA+YvNNl9HV3qv70T7CNwjODHZrLwvd1Q=="
    },
    "zone.js": {
      "version": "0.8.29",
      "resolved": "https://registry.npmjs.org/zone.js/-/zone.js-0.8.29.tgz",
      "integrity": "sha512-mla2acNCMkWXBD+c+yeUrBUrzOxYMNFdQ6FGfigGGtEVBPJx07BQeJekjt9DmH1FtZek4E9rE1eRR9qQpxACOQ=="
    }
  }
}
